{
  "requires": true,
  "lockfileVersion": 1,
  "dependencies": {
    "@mervick/mdi-icons": {
      "version": "4.0.1",
      "resolved": "https://registry.npmjs.org/@mervick/mdi-icons/-/mdi-icons-4.0.1.tgz",
      "integrity": "sha512-uJP+fHNJmgZVKgW9bzmHPgnSJvIUXhSmM1oGqeUAHKQIh8ycDM45+4esFcjJjGkXAAb51e4efUeUdj01ISDaKg=="
    },
    "air-datepicker": {
      "version": "2.2.3",
      "resolved": "https://registry.npmjs.org/air-datepicker/-/air-datepicker-2.2.3.tgz",
      "integrity": "sha1-nbtrxryMnZ2zgEdQkTcNrYLC94c=",
      "requires": {
        "jquery": ">=2.0.0 <4.0.0"
      }
    },
    "datepicker-moment": {
      "version": "2.0.2",
      "resolved": "https://registry.npmjs.org/datepicker-moment/-/datepicker-moment-2.0.2.tgz",
      "integrity": "sha1-PE4liEBI20CZlU8vrFXI9FO7MYI="
    },
    "daterangepicker": {
      "version": "3.1.0",
      "resolved": "https://registry.npmjs.org/daterangepicker/-/daterangepicker-3.1.0.tgz",
      "integrity": "sha512-DxWXvvPq4srWLCqFugqSV+6CBt/CvQ0dnpXhQ3gl0autcIDAruG1PuGG3gC7yPRNytAD1oU1AcUOzaYhOawhTw==",
      "requires": {
        "jquery": ">=1.10",
        "moment": "^2.9.0"
      }
    },
    "jquery": {
      "version": "3.6.0",
      "resolved": "https://registry.npmjs.org/jquery/-/jquery-3.6.0.tgz",
      "integrity": "sha512-JVzAR/AjBvVt2BmYhxRCSYysDsPcssdmTFnzyLEts9qNwmjmu4JTAMYubEfwVOSwpQ1I1sKKFcxhZCI2buerfw=="
    },
    "jquery-ui": {
      "version": "1.12.1",
      "resolved": "https://registry.npmjs.org/jquery-ui/-/jquery-ui-1.12.1.tgz",
      "integrity": "sha1-vLQEXI3QU5wTS8FIjN0+dop6nlE="
    },
    "jquery-ui-multidatespicker": {
      "version": "1.6.6",
      "resolved": "https://registry.npmjs.org/jquery-ui-multidatespicker/-/jquery-ui-multidatespicker-1.6.6.tgz",
      "integrity": "sha1-mbGxG0Sq/lfEQzP9p4k1XnuGsfk=",
      "requires": {
        "jquery": "1.9.1 - 3.2.x",
        "jquery-ui": "1.7.0 - 1.12.x"
      },
      "dependencies": {
        "jquery": {
          "version": "3.2.1",
          "resolved": "https://registry.npmjs.org/jquery/-/jquery-3.2.1.tgz",
          "integrity": "sha1-XE2d5lKvbNCncBVKYxu6ErAVx4c="
        }
      }
    },
    "lightpick": {
      "version": "1.6.2",
      "resolved": "https://registry.npmjs.org/lightpick/-/lightpick-1.6.2.tgz",
      "integrity": "sha512-xQmKL6pvtKnLGI8sOgclgc/k6G8FvyjdfQy4nOm0iywD44gkER0ia7SR9cthdUIkkcDBFNHH8SfbPQJ33QF8fQ==",
      "requires": {
        "moment": "^2.22.2"
      }
    },
    "litepicker": {
      "version": "2.0.11",
      "resolved": "https://registry.npmjs.org/litepicker/-/litepicker-2.0.11.tgz",
      "integrity": "sha512-7MECMp2EDGIYDIz9QT24t9hWpgBD9JD57ZdDrbffNMGfbw0JVhBhvlYsyaIUuYhywtLvgmI5lfulM7XF2HLEkg=="
    },
    "moment": {
      "version": "2.29.1",
      "resolved": "https://registry.npmjs.org/moment/-/moment-2.29.1.tgz",
      "integrity": "sha512-kHmoybcPV8Sqy59DwNDY3Jefr64lK/by/da0ViFcuA4DH0vQg5Q6Ze5VimxkfQNSC+Mls/Kx53s7TjP1RhFEDQ=="
    }
  }
}
